
Microsoft Visual Studio Solution File, Format Version 12.00
# Visual Studio Version 17
VisualStudioVersion = 17.5.002.0
MinimumVisualStudioVersion = 10.0.40219.1
Project("{9A19103F-16F7-4668-BE54-9A1E7A4F7556}") = "OldPhoneChallenge", "OldPhoneChallenge\OldPhoneChallenge.csproj", "{CFB04B4B-6EF9-4EF7-AAA8-7F765D2292B6}"
EndProject
Global
	GlobalSection(SolutionConfigurationPlatforms) = preSolution
		Debug|Any CPU = Debug|Any CPU
		Release|Any CPU = Release|Any CPU
	EndGlobalSection
	GlobalSection(ProjectConfigurationPlatforms) = postSolution
		{CFB04B4B-6EF9-4EF7-AAA8-7F765D2292B6}.Debug|Any CPU.ActiveCfg = Debug|Any CPU
		{CFB04B4B-6EF9-4EF7-AAA8-7F765D2292B6}.Debug|Any CPU.Build.0 = Debug|Any CPU
		{CFB04B4B-6EF9-4EF7-AAA8-7F765D2292B6}.Release|Any CPU.ActiveCfg = Release|Any CPU
		{CFB04B4B-6EF9-4EF7-AAA8-7F765D2292B6}.Release|Any CPU.Build.0 = Release|Any CPU
	EndGlobalSection
	GlobalSection(SolutionProperties) = preSolution
		HideSolutionNode = FALSE
	EndGlobalSection
	GlobalSection(ExtensibilityGlobals) = postSolution
		SolutionGuid = {0C27E60E-286D-4BB6-AEE5-3A990C390FC9}
	EndGlobalSection
EndGlobal
